
Microsoft Visual Studio Solution File, Format Version 12.00
# Visual Studio 2012
Project("{FAE04EC0-301F-11D3-BF4B-00C04F79EFBC}") = "Cs408_project_step1_server", "Cs408_project_step1_server\Cs408_project_step1_server.csproj", "{B888D16A-6E76-49AE-9483-0BB5C39B56F6}"
EndProject
Global
	GlobalSection(SolutionConfigurationPlatforms) = preSolution
		Debug|Any CPU = Debug|Any CPU
		Release|Any CPU = Release|Any CPU
	EndGlobalSection
	GlobalSection(ProjectConfigurationPlatforms) = postSolution
		{B888D16A-6E76-49AE-9483-0BB5C39B56F6}.Debug|Any CPU.ActiveCfg = Debug|Any CPU
		{B888D16A-6E76-49AE-9483-0BB5C39B56F6}.Debug|Any CPU.Build.0 = Debug|Any CPU
		{B888D16A-6E76-49AE-9483-0BB5C39B56F6}.Release|Any CPU.ActiveCfg = Release|Any CPU
		{B888D16A-6E76-49AE-9483-0BB5C39B56F6}.Release|Any CPU.Build.0 = Release|Any CPU
	EndGlobalSection
	GlobalSection(SolutionProperties) = preSolution
		HideSolutionNode = FALSE
	EndGlobalSection
EndGlobal
